
Microsoft Visual Studio Solution File, Format Version 12.00
Project("{FAE04EC0-301F-11D3-BF4B-00C04F79EFBC}") = "Sparky", "Sparky\Sparky.csproj", "{3F31DB5F-E9C6-4C15-829C-DFA36D82BA97}"
EndProject
Project("{FAE04EC0-301F-11D3-BF4B-00C04F79EFBC}") = "SparkyMSTest", "SparkyMSTest\SparkyMSTest.csproj", "{1A0AB0D9-0D52-4BFD-AD14-45DA1EC2C583}"
EndProject
Project("{FAE04EC0-301F-11D3-BF4B-00C04F79EFBC}") = "SparkyNUnitTest", "SparkyNUnitTest\SparkyNUnitTest.csproj", "{E0DC4E57-6F12-4683-AD97-8053FA1759EA}"
EndProject
Project("{2150E333-8FDC-42A3-9474-1A3956D46DE8}") = "The Basics", "The Basics", "{549C3877-EF93-4BF3-9EF9-5C79B43BE863}"
EndProject
Project("{2150E333-8FDC-42A3-9474-1A3956D46DE8}") = "BongoWeb", "BongoWeb", "{08DAF5C6-D1A2-4951-A9AB-B7FE0EEA98A4}"
EndProject
Project("{FAE04EC0-301F-11D3-BF4B-00C04F79EFBC}") = "Bongo.DataAccess", "Bongo_InitialSetup (.NET 6)\Bongo.DataAccess\Bongo.DataAccess.csproj", "{69C6F8A2-D168-4E2D-9DEC-5D99CB6289A0}"
EndProject
Project("{FAE04EC0-301F-11D3-BF4B-00C04F79EFBC}") = "Bongo.Models", "Bongo_InitialSetup (.NET 6)\Bongo.Models\Bongo.Models.csproj", "{00551981-D809-4AC4-A221-C82AC58BAEB7}"
EndProject
Project("{FAE04EC0-301F-11D3-BF4B-00C04F79EFBC}") = "Bongo.Core", "Bongo_InitialSetup (.NET 6)\Bongo.Core\Bongo.Core.csproj", "{1354F82A-4673-4AB8-8C85-B58D502806AD}"
EndProject
Project("{FAE04EC0-301F-11D3-BF4B-00C04F79EFBC}") = "Bongo.Web", "Bongo_InitialSetup (.NET 6)\Bongo.Web\Bongo.Web.csproj", "{A0CB9CD9-99A1-4EA6-8CEA-76CE2331C32B}"
EndProject
Project("{FAE04EC0-301F-11D3-BF4B-00C04F79EFBC}") = "Bongo.Models.Tests", "Bongo.Models.Tests\Bongo.Models.Tests.csproj", "{8332F42C-CB1E-4F6F-B2C4-999476B4F0DE}"
EndProject
Project("{FAE04EC0-301F-11D3-BF4B-00C04F79EFBC}") = "Bongo.DataAccess.Tests", "Bongo.DataAccess.Tests\Bongo.DataAccess.Tests.csproj", "{9B91861B-0BE7-4EFA-BDDE-303D037C38E1}"
EndProject
Project("{FAE04EC0-301F-11D3-BF4B-00C04F79EFBC}") = "Bongo.Core.Tests", "Bongo.Core.Tests\Bongo.Core.Tests.csproj", "{3A59D6B8-6768-4E0A-B6B4-DA3A48C9FDE1}"
EndProject
Project("{FAE04EC0-301F-11D3-BF4B-00C04F79EFBC}") = "Bongo.Web.Tests", "Bongo.Web.Tests\Bongo.Web.Tests.csproj", "{92593EDE-82DA-42BD-98A7-3D30B02A5571}"
EndProject
Global
	GlobalSection(SolutionConfigurationPlatforms) = preSolution
		Debug|Any CPU = Debug|Any CPU
		Release|Any CPU = Release|Any CPU
	EndGlobalSection
	GlobalSection(ProjectConfigurationPlatforms) = postSolution
		{3F31DB5F-E9C6-4C15-829C-DFA36D82BA97}.Debug|Any CPU.ActiveCfg = Debug|Any CPU
		{3F31DB5F-E9C6-4C15-829C-DFA36D82BA97}.Debug|Any CPU.Build.0 = Debug|Any CPU
		{3F31DB5F-E9C6-4C15-829C-DFA36D82BA97}.Release|Any CPU.ActiveCfg = Release|Any CPU
		{3F31DB5F-E9C6-4C15-829C-DFA36D82BA97}.Release|Any CPU.Build.0 = Release|Any CPU
		{1A0AB0D9-0D52-4BFD-AD14-45DA1EC2C583}.Debug|Any CPU.ActiveCfg = Debug|Any CPU
		{1A0AB0D9-0D52-4BFD-AD14-45DA1EC2C583}.Debug|Any CPU.Build.0 = Debug|Any CPU
		{1A0AB0D9-0D52-4BFD-AD14-45DA1EC2C583}.Release|Any CPU.ActiveCfg = Release|Any CPU
		{1A0AB0D9-0D52-4BFD-AD14-45DA1EC2C583}.Release|Any CPU.Build.0 = Release|Any CPU
		{E0DC4E57-6F12-4683-AD97-8053FA1759EA}.Debug|Any CPU.ActiveCfg = Debug|Any CPU
		{E0DC4E57-6F12-4683-AD97-8053FA1759EA}.Debug|Any CPU.Build.0 = Debug|Any CPU
		{E0DC4E57-6F12-4683-AD97-8053FA1759EA}.Release|Any CPU.ActiveCfg = Release|Any CPU
		{E0DC4E57-6F12-4683-AD97-8053FA1759EA}.Release|Any CPU.Build.0 = Release|Any CPU
		{69C6F8A2-D168-4E2D-9DEC-5D99CB6289A0}.Debug|Any CPU.ActiveCfg = Debug|Any CPU
		{69C6F8A2-D168-4E2D-9DEC-5D99CB6289A0}.Debug|Any CPU.Build.0 = Debug|Any CPU
		{69C6F8A2-D168-4E2D-9DEC-5D99CB6289A0}.Release|Any CPU.ActiveCfg = Release|Any CPU
		{69C6F8A2-D168-4E2D-9DEC-5D99CB6289A0}.Release|Any CPU.Build.0 = Release|Any CPU
		{00551981-D809-4AC4-A221-C82AC58BAEB7}.Debug|Any CPU.ActiveCfg = Debug|Any CPU
		{00551981-D809-4AC4-A221-C82AC58BAEB7}.Debug|Any CPU.Build.0 = Debug|Any CPU
		{00551981-D809-4AC4-A221-C82AC58BAEB7}.Release|Any CPU.ActiveCfg = Release|Any CPU
		{00551981-D809-4AC4-A221-C82AC58BAEB7}.Release|Any CPU.Build.0 = Release|Any CPU
		{1354F82A-4673-4AB8-8C85-B58D502806AD}.Debug|Any CPU.ActiveCfg = Debug|Any CPU
		{1354F82A-4673-4AB8-8C85-B58D502806AD}.Debug|Any CPU.Build.0 = Debug|Any CPU
		{1354F82A-4673-4AB8-8C85-B58D502806AD}.Release|Any CPU.ActiveCfg = Release|Any CPU
		{1354F82A-4673-4AB8-8C85-B58D502806AD}.Release|Any CPU.Build.0 = Release|Any CPU
		{A0CB9CD9-99A1-4EA6-8CEA-76CE2331C32B}.Debug|Any CPU.ActiveCfg = Debug|Any CPU
		{A0CB9CD9-99A1-4EA6-8CEA-76CE2331C32B}.Debug|Any CPU.Build.0 = Debug|Any CPU
		{A0CB9CD9-99A1-4EA6-8CEA-76CE2331C32B}.Release|Any CPU.ActiveCfg = Release|Any CPU
		{A0CB9CD9-99A1-4EA6-8CEA-76CE2331C32B}.Release|Any CPU.Build.0 = Release|Any CPU
		{8332F42C-CB1E-4F6F-B2C4-999476B4F0DE}.Debug|Any CPU.ActiveCfg = Debug|Any CPU
		{8332F42C-CB1E-4F6F-B2C4-999476B4F0DE}.Debug|Any CPU.Build.0 = Debug|Any CPU
		{8332F42C-CB1E-4F6F-B2C4-999476B4F0DE}.Release|Any CPU.ActiveCfg = Release|Any CPU
		{8332F42C-CB1E-4F6F-B2C4-999476B4F0DE}.Release|Any CPU.Build.0 = Release|Any CPU
		{9B91861B-0BE7-4EFA-BDDE-303D037C38E1}.Debug|Any CPU.ActiveCfg = Debug|Any CPU
		{9B91861B-0BE7-4EFA-BDDE-303D037C38E1}.Debug|Any CPU.Build.0 = Debug|Any CPU
		{9B91861B-0BE7-4EFA-BDDE-303D037C38E1}.Release|Any CPU.ActiveCfg = Release|Any CPU
		{9B91861B-0BE7-4EFA-BDDE-303D037C38E1}.Release|Any CPU.Build.0 = Release|Any CPU
		{3A59D6B8-6768-4E0A-B6B4-DA3A48C9FDE1}.Debug|Any CPU.ActiveCfg = Debug|Any CPU
		{3A59D6B8-6768-4E0A-B6B4-DA3A48C9FDE1}.Debug|Any CPU.Build.0 = Debug|Any CPU
		{3A59D6B8-6768-4E0A-B6B4-DA3A48C9FDE1}.Release|Any CPU.ActiveCfg = Release|Any CPU
		{3A59D6B8-6768-4E0A-B6B4-DA3A48C9FDE1}.Release|Any CPU.Build.0 = Release|Any CPU
		{92593EDE-82DA-42BD-98A7-3D30B02A5571}.Debug|Any CPU.ActiveCfg = Debug|Any CPU
		{92593EDE-82DA-42BD-98A7-3D30B02A5571}.Debug|Any CPU.Build.0 = Debug|Any CPU
		{92593EDE-82DA-42BD-98A7-3D30B02A5571}.Release|Any CPU.ActiveCfg = Release|Any CPU
		{92593EDE-82DA-42BD-98A7-3D30B02A5571}.Release|Any CPU.Build.0 = Release|Any CPU
	EndGlobalSection
	GlobalSection(NestedProjects) = preSolution
		{3F31DB5F-E9C6-4C15-829C-DFA36D82BA97} = {549C3877-EF93-4BF3-9EF9-5C79B43BE863}
		{1A0AB0D9-0D52-4BFD-AD14-45DA1EC2C583} = {549C3877-EF93-4BF3-9EF9-5C79B43BE863}
		{E0DC4E57-6F12-4683-AD97-8053FA1759EA} = {549C3877-EF93-4BF3-9EF9-5C79B43BE863}
		{69C6F8A2-D168-4E2D-9DEC-5D99CB6289A0} = {08DAF5C6-D1A2-4951-A9AB-B7FE0EEA98A4}
		{00551981-D809-4AC4-A221-C82AC58BAEB7} = {08DAF5C6-D1A2-4951-A9AB-B7FE0EEA98A4}
		{1354F82A-4673-4AB8-8C85-B58D502806AD} = {08DAF5C6-D1A2-4951-A9AB-B7FE0EEA98A4}
		{A0CB9CD9-99A1-4EA6-8CEA-76CE2331C32B} = {08DAF5C6-D1A2-4951-A9AB-B7FE0EEA98A4}
		{8332F42C-CB1E-4F6F-B2C4-999476B4F0DE} = {08DAF5C6-D1A2-4951-A9AB-B7FE0EEA98A4}
		{9B91861B-0BE7-4EFA-BDDE-303D037C38E1} = {08DAF5C6-D1A2-4951-A9AB-B7FE0EEA98A4}
		{3A59D6B8-6768-4E0A-B6B4-DA3A48C9FDE1} = {08DAF5C6-D1A2-4951-A9AB-B7FE0EEA98A4}
		{92593EDE-82DA-42BD-98A7-3D30B02A5571} = {08DAF5C6-D1A2-4951-A9AB-B7FE0EEA98A4}
	EndGlobalSection
EndGlobal
